
Microsoft Visual Studio Solution File, Format Version 12.00
# Visual Studio Version 16
VisualStudioVersion = 16.0.29215.179
MinimumVisualStudioVersion = 10.0.40219.1
Project("{FAE04EC0-301F-11D3-BF4B-00C04F79EFBC}") = "0926 과제", "0926 과제\0926 과제.csproj", "{02084E5E-DF00-4186-9DE4-92CB1E065D6B}"
EndProject
Global
	GlobalSection(SolutionConfigurationPlatforms) = preSolution
		Debug|Any CPU = Debug|Any CPU
		Release|Any CPU = Release|Any CPU
	EndGlobalSection
	GlobalSection(ProjectConfigurationPlatforms) = postSolution
		{02084E5E-DF00-4186-9DE4-92CB1E065D6B}.Debug|Any CPU.ActiveCfg = Debug|Any CPU
		{02084E5E-DF00-4186-9DE4-92CB1E065D6B}.Debug|Any CPU.Build.0 = Debug|Any CPU
		{02084E5E-DF00-4186-9DE4-92CB1E065D6B}.Release|Any CPU.ActiveCfg = Release|Any CPU
		{02084E5E-DF00-4186-9DE4-92CB1E065D6B}.Release|Any CPU.Build.0 = Release|Any CPU
	EndGlobalSection
	GlobalSection(SolutionProperties) = preSolution
		HideSolutionNode = FALSE
	EndGlobalSection
	GlobalSection(ExtensibilityGlobals) = postSolution
		SolutionGuid = {94337915-B145-4CAA-B9B3-608C40B85CC7}
	EndGlobalSection
EndGlobal
